// !$*UTF8*$!
{
	archiveVersion = 1;
	classes = {
	};
	objectVersion = 77;
	objects = {

/* Begin PBXBuildFile section */
		B1CA66632D242F52001DF678 /* BottomSheet in Frameworks */ = {isa = PBXBuildFile; productRef = B1CA66622D242F52001DF678 /* BottomSheet */; };
		B1CA66682D24321E001DF678 /* ZIPFoundation in Frameworks */ = {isa = PBXBuildFile; productRef = B1CA66672D24321E001DF678 /* ZIPFoundation */; };
		B1CA666B2D24322D001DF678 /* Kingfisher in Frameworks */ = {isa = PBXBuildFile; productRef = B1CA666A2D24322D001DF678 /* Kingfisher */; };
		B1CA66752D243249001DF678 /* SwipeActions in Frameworks */ = {isa = PBXBuildFile; productRef = B1CA66742D243249001DF678 /* SwipeActions */; };
		B1CA66782D24325C001DF678 /* RxSwift in Frameworks */ = {isa = PBXBuildFile; productRef = B1CA66772D24325C001DF678 /* RxSwift */; };
/* End PBXBuildFile section */

/* Begin PBXContainerItemProxy section */
		B1CA66362D242E31001DF678 /* PBXContainerItemProxy */ = {
			isa = PBXContainerItemProxy;
			containerPortal = B1CA661D2D242E2F001DF678 /* Project object */;
			proxyType = 1;
			remoteGlobalIDString = B1CA66242D242E2F001DF678;
			remoteInfo = "flexstore-ios";
		};
		B1CA66402D242E31001DF678 /* PBXContainerItemProxy */ = {
			isa = PBXContainerItemProxy;
			containerPortal = B1CA661D2D242E2F001DF678 /* Project object */;
			proxyType = 1;
			remoteGlobalIDString = B1CA66242D242E2F001DF678;
			remoteInfo = "flexstore-ios";
		};
/* End PBXContainerItemProxy section */

/* Begin PBXFileReference section */
		B1CA66252D242E2F001DF678 /* flexstore-ios.app */ = {isa = PBXFileReference; explicitFileType = wrapper.application; includeInIndex = 0; path = "flexstore-ios.app"; sourceTree = BUILT_PRODUCTS_DIR; };
		B1CA66352D242E31001DF678 /* flexstore-iosTests.xctest */ = {isa = PBXFileReference; explicitFileType = wrapper.cfbundle; includeInIndex = 0; path = "flexstore-iosTests.xctest"; sourceTree = BUILT_PRODUCTS_DIR; };
		B1CA663F2D242E31001DF678 /* flexstore-iosUITests.xctest */ = {isa = PBXFileReference; explicitFileType = wrapper.cfbundle; includeInIndex = 0; path = "flexstore-iosUITests.xctest"; sourceTree = BUILT_PRODUCTS_DIR; };
/* End PBXFileReference section */

/* Begin PBXFileSystemSynchronizedRootGroup section */
		B1CA66272D242E2F001DF678 /* flexstore-ios */ = {
			isa = PBXFileSystemSynchronizedRootGroup;
			path = "flexstore-ios";
			sourceTree = "<group>";
		};
		B1CA66382D242E31001DF678 /* flexstore-iosTests */ = {
			isa = PBXFileSystemSynchronizedRootGroup;
			path = "flexstore-iosTests";
			sourceTree = "<group>";
		};
		B1CA66422D242E31001DF678 /* flexstore-iosUITests */ = {
			isa = PBXFileSystemSynchronizedRootGroup;
			path = "flexstore-iosUITests";
			sourceTree = "<group>";
		};
/* End PBXFileSystemSynchronizedRootGroup section */

/* Begin PBXFrameworksBuildPhase section */
		B1CA66222D242E2F001DF678 /* Frameworks */ = {
			isa = PBXFrameworksBuildPhase;
			buildActionMask = 2147483647;
			files = (
				B1CA666B2D24322D001DF678 /* Kingfisher in Frameworks */,
				B1CA66632D242F52001DF678 /* BottomSheet in Frameworks */,
				B1CA66682D24321E001DF678 /* ZIPFoundation in Frameworks */,
				B1CA66752D243249001DF678 /* SwipeActions in Frameworks */,
				B1CA66782D24325C001DF678 /* RxSwift in Frameworks */,
			);
			runOnlyForDeploymentPostprocessing = 0;
		};
		B1CA66322D242E31001DF678 /* Frameworks */ = {
			isa = PBXFrameworksBuildPhase;
			buildActionMask = 2147483647;
			files = (
			);
			runOnlyForDeploymentPostprocessing = 0;
		};
		B1CA663C2D242E31001DF678 /* Frameworks */ = {
			isa = PBXFrameworksBuildPhase;
			buildActionMask = 2147483647;
			files = (
			);
			runOnlyForDeploymentPostprocessing = 0;
		};
/* End PBXFrameworksBuildPhase section */

/* Begin PBXGroup section */
		B1CA661C2D242E2F001DF678 = {
			isa = PBXGroup;
			children = (
				B1CA66272D242E2F001DF678 /* flexstore-ios */,
				B1CA66382D242E31001DF678 /* flexstore-iosTests */,
				B1CA66422D242E31001DF678 /* flexstore-iosUITests */,
				B1CA66262D242E2F001DF678 /* Products */,
			);
			sourceTree = "<group>";
		};
		B1CA66262D242E2F001DF678 /* Products */ = {
			isa = PBXGroup;
			children = (
				B1CA66252D242E2F001DF678 /* flexstore-ios.app */,
				B1CA66352D242E31001DF678 /* flexstore-iosTests.xctest */,
				B1CA663F2D242E31001DF678 /* flexstore-iosUITests.xctest */,
			);
			name = Products;
			sourceTree = "<group>";
		};
/* End PBXGroup section */

/* Begin PBXNativeTarget section */
		B1CA66242D242E2F001DF678 /* flexstore-ios */ = {
			isa = PBXNativeTarget;
			buildConfigurationList = B1CA66492D242E31001DF678 /* Build configuration list for PBXNativeTarget "flexstore-ios" */;
			buildPhases = (
				B1CA66212D242E2F001DF678 /* Sources */,
				B1CA66222D242E2F001DF678 /* Frameworks */,
				B1CA66232D242E2F001DF678 /* Resources */,
			);
			buildRules = (
			);
			dependencies = (
			);
			fileSystemSynchronizedGroups = (
				B1CA66272D242E2F001DF678 /* flexstore-ios */,
			);
			name = "flexstore-ios";
			packageProductDependencies = (
				B1CA66622D242F52001DF678 /* BottomSheet */,
				B1CA66672D24321E001DF678 /* ZIPFoundation */,
				B1CA666A2D24322D001DF678 /* Kingfisher */,
				B1CA66742D243249001DF678 /* SwipeActions */,
				B1CA66772D24325C001DF678 /* RxSwift */,
			);
			productName = "flexstore-ios";
			productReference = B1CA66252D242E2F001DF678 /* flexstore-ios.app */;
			productType = "com.apple.product-type.application";
		};
		B1CA66342D242E31001DF678 /* flexstore-iosTests */ = {
			isa = PBXNativeTarget;
			buildConfigurationList = B1CA664C2D242E31001DF678 /* Build configuration list for PBXNativeTarget "flexstore-iosTests" */;
			buildPhases = (
				B1CA66312D242E31001DF678 /* Sources */,
				B1CA66322D242E31001DF678 /* Frameworks */,
				B1CA66332D242E31001DF678 /* Resources */,
			);
			buildRules = (
			);
			dependencies = (
				B1CA66372D242E31001DF678 /* PBXTargetDependency */,
			);
			fileSystemSynchronizedGroups = (
				B1CA66382D242E31001DF678 /* flexstore-iosTests */,
			);
			name = "flexstore-iosTests";
			packageProductDependencies = (
			);
			productName = "flexstore-iosTests";
			productReference = B1CA66352D242E31001DF678 /* flexstore-iosTests.xctest */;
			productType = "com.apple.product-type.bundle.unit-test";
		};
		B1CA663E2D242E31001DF678 /* flexstore-iosUITests */ = {
			isa = PBXNativeTarget;
			buildConfigurationList = B1CA664F2D242E31001DF678 /* Build configuration list for PBXNativeTarget "flexstore-iosUITests" */;
			buildPhases = (
				B1CA663B2D242E31001DF678 /* Sources */,
				B1CA663C2D242E31001DF678 /* Frameworks */,
				B1CA663D2D242E31001DF678 /* Resources */,
			);
			buildRules = (
			);
			dependencies = (
				B1CA66412D242E31001DF678 /* PBXTargetDependency */,
			);
			fileSystemSynchronizedGroups = (
				B1CA66422D242E31001DF678 /* flexstore-iosUITests */,
			);
			name = "flexstore-iosUITests";
			packageProductDependencies = (
			);
			productName = "flexstore-iosUITests";
			productReference = B1CA663F2D242E31001DF678 /* flexstore-iosUITests.xctest */;
			productType = "com.apple.product-type.bundle.ui-testing";
		};
/* End PBXNativeTarget section */

/* Begin PBXProject section */
		B1CA661D2D242E2F001DF678 /* Project object */ = {
			isa = PBXProject;
			attributes = {
				BuildIndependentTargetsInParallel = 1;
				LastSwiftUpdateCheck = 1620;
				LastUpgradeCheck = 1620;
				TargetAttributes = {
					B1CA66242D242E2F001DF678 = {
						CreatedOnToolsVersion = 16.2;
						LastSwiftMigration = 1620;
					};
					B1CA66342D242E31001DF678 = {
						CreatedOnToolsVersion = 16.2;
						TestTargetID = B1CA66242D242E2F001DF678;
					};
					B1CA663E2D242E31001DF678 = {
						CreatedOnToolsVersion = 16.2;
						TestTargetID = B1CA66242D242E2F001DF678;
					};
				};
			};
			buildConfigurationList = B1CA66202D242E2F001DF678 /* Build configuration list for PBXProject "flexstore-ios" */;
			developmentRegion = en;
			hasScannedForEncodings = 0;
			knownRegions = (
				en,
				Base,
			);
			mainGroup = B1CA661C2D242E2F001DF678;
			minimizedProjectReferenceProxies = 1;
			packageReferences = (
				B1CA66612D242F52001DF678 /* XCRemoteSwiftPackageReference "BottomSheet" */,
				B1CA66662D24321E001DF678 /* XCRemoteSwiftPackageReference "ZIPFoundation" */,
				B1CA66692D24322D001DF678 /* XCRemoteSwiftPackageReference "Kingfisher" */,
				B1CA66732D243249001DF678 /* XCRemoteSwiftPackageReference "SwipeActions" */,
				B1CA66762D24325C001DF678 /* XCRemoteSwiftPackageReference "RxSwift" */,
			);
			preferredProjectObjectVersion = 77;
			productRefGroup = B1CA66262D242E2F001DF678 /* Products */;
			projectDirPath = "";
			projectRoot = "";
			targets = (
				B1CA66242D242E2F001DF678 /* flexstore-ios */,
				B1CA66342D242E31001DF678 /* flexstore-iosTests */,
				B1CA663E2D242E31001DF678 /* flexstore-iosUITests */,
			);
		};
/* End PBXProject section */

/* Begin PBXResourcesBuildPhase section */
		B1CA66232D242E2F001DF678 /* Resources */ = {
			isa = PBXResourcesBuildPhase;
			buildActionMask = 2147483647;
			files = (
			);
			runOnlyForDeploymentPostprocessing = 0;
		};
		B1CA66332D242E31001DF678 /* Resources */ = {
			isa = PBXResourcesBuildPhase;
			buildActionMask = 2147483647;
			files = (
			);
			runOnlyForDeploymentPostprocessing = 0;
		};
		B1CA663D2D242E31001DF678 /* Resources */ = {
			isa = PBXResourcesBuildPhase;
			buildActionMask = 2147483647;
			files = (
			);
			runOnlyForDeploymentPostprocessing = 0;
		};
/* End PBXResourcesBuildPhase section */

/* Begin PBXSourcesBuildPhase section */
		B1CA66212D242E2F001DF678 /* Sources */ = {
			isa = PBXSourcesBuildPhase;
			buildActionMask = 2147483647;
			files = (
			);
			runOnlyForDeploymentPostprocessing = 0;
		};
		B1CA66312D242E31001DF678 /* Sources */ = {
			isa = PBXSourcesBuildPhase;
			buildActionMask = 2147483647;
			files = (
			);
			runOnlyForDeploymentPostprocessing = 0;
		};
		B1CA663B2D242E31001DF678 /* Sources */ = {
			isa = PBXSourcesBuildPhase;
			buildActionMask = 2147483647;
			files = (
			);
			runOnlyForDeploymentPostprocessing = 0;
		};
/* End PBXSourcesBuildPhase section */

/* Begin PBXTargetDependency section */
		B1CA66372D242E31001DF678 /* PBXTargetDependency */ = {
			isa = PBXTargetDependency;
			target = B1CA66242D242E2F001DF678 /* flexstore-ios */;
			targetProxy = B1CA66362D242E31001DF678 /* PBXContainerItemProxy */;
		};
		B1CA66412D242E31001DF678 /* PBXTargetDependency */ = {
			isa = PBXTargetDependency;
			target = B1CA66242D242E2F001DF678 /* flexstore-ios */;
			targetProxy = B1CA66402D242E31001DF678 /* PBXContainerItemProxy */;
		};
/* End PBXTargetDependency section */

/* Begin XCBuildConfiguration section */
		B1CA66472D242E31001DF678 /* Debug */ = {
			isa = XCBuildConfiguration;
			buildSettings = {
				ALWAYS_SEARCH_USER_PATHS = NO;
				ASSETCATALOG_COMPILER_GENERATE_SWIFT_ASSET_SYMBOL_EXTENSIONS = YES;
				CLANG_ANALYZER_NONNULL = YES;
				CLANG_ANALYZER_NUMBER_OBJECT_CONVERSION = YES_AGGRESSIVE;
				CLANG_CXX_LANGUAGE_STANDARD = "gnu++20";
				CLANG_ENABLE_MODULES = YES;
				CLANG_ENABLE_OBJC_ARC = YES;
				CLANG_ENABLE_OBJC_WEAK = YES;
				CLANG_WARN_BLOCK_CAPTURE_AUTORELEASING = YES;
				CLANG_WARN_BOOL_CONVERSION = YES;
				CLANG_WARN_COMMA = YES;
				CLANG_WARN_CONSTANT_CONVERSION = YES;
				CLANG_WARN_DEPRECATED_OBJC_IMPLEMENTATIONS = YES;
				CLANG_WARN_DIRECT_OBJC_ISA_USAGE = YES_ERROR;
				CLANG_WARN_DOCUMENTATION_COMMENTS = YES;
				CLANG_WARN_EMPTY_BODY = YES;
				CLANG_WARN_ENUM_CONVERSION = YES;
				CLANG_WARN_INFINITE_RECURSION = YES;
				CLANG_WARN_INT_CONVERSION = YES;
				CLANG_WARN_NON_LITERAL_NULL_CONVERSION = YES;
				CLANG_WARN_OBJC_IMPLICIT_RETAIN_SELF = YES;
				CLANG_WARN_OBJC_LITERAL_CONVERSION = YES;
				CLANG_WARN_OBJC_ROOT_CLASS = YES_ERROR;
				CLANG_WARN_QUOTED_INCLUDE_IN_FRAMEWORK_HEADER = YES;
				CLANG_WARN_RANGE_LOOP_ANALYSIS = YES;
				CLANG_WARN_STRICT_PROTOTYPES = YES;
				CLANG_WARN_SUSPICIOUS_MOVE = YES;
				CLANG_WARN_UNGUARDED_AVAILABILITY = YES_AGGRESSIVE;
				CLANG_WARN_UNREACHABLE_CODE = YES;
				CLANG_WARN__DUPLICATE_METHOD_MATCH = YES;
				COPY_PHASE_STRIP = NO;
				DEBUG_INFORMATION_FORMAT = dwarf;
				ENABLE_STRICT_OBJC_MSGSEND = YES;
				ENABLE_TESTABILITY = YES;
				ENABLE_USER_SCRIPT_SANDBOXING = YES;
				GCC_C_LANGUAGE_STANDARD = gnu17;
				GCC_DYNAMIC_NO_PIC = NO;
				GCC_NO_COMMON_BLOCKS = YES;
				GCC_OPTIMIZATION_LEVEL = 0;
				GCC_PREPROCESSOR_DEFINITIONS = (
					"DEBUG=1",
					"$(inherited)",
				);
				GCC_WARN_64_TO_32_BIT_CONVERSION = YES;
				GCC_WARN_ABOUT_RETURN_TYPE = YES_ERROR;
				GCC_WARN_UNDECLARED_SELECTOR = YES;
				GCC_WARN_UNINITIALIZED_AUTOS = YES_AGGRESSIVE;
				GCC_WARN_UNUSED_FUNCTION = YES;
				GCC_WARN_UNUSED_VARIABLE = YES;
				IPHONEOS_DEPLOYMENT_TARGET = 18.2;
				LOCALIZATION_PREFERS_STRING_CATALOGS = YES;
				MTL_ENABLE_DEBUG_INFO = INCLUDE_SOURCE;
				MTL_FAST_MATH = YES;
				ONLY_ACTIVE_ARCH = YES;
				SDKROOT = iphoneos;
				SWIFT_ACTIVE_COMPILATION_CONDITIONS = "DEBUG $(inherited)";
				SWIFT_OPTIMIZATION_LEVEL = "-Onone";
			};
			name = Debug;
		};
		B1CA66482D242E31001DF678 /* Release */ = {
			isa = XCBuildConfiguration;
			buildSettings = {
				ALWAYS_SEARCH_USER_PATHS = NO;
				ASSETCATALOG_COMPILER_GENERATE_SWIFT_ASSET_SYMBOL_EXTENSIONS = YES;
				CLANG_ANALYZER_NONNULL = YES;
				CLANG_ANALYZER_NUMBER_OBJECT_CONVERSION = YES_AGGRESSIVE;
				CLANG_CXX_LANGUAGE_STANDARD = "gnu++20";
				CLANG_ENABLE_MODULES = YES;
				CLANG_ENABLE_OBJC_ARC = YES;
				CLANG_ENABLE_OBJC_WEAK = YES;
				CLANG_WARN_BLOCK_CAPTURE_AUTORELEASING = YES;
				CLANG_WARN_BOOL_CONVERSION = YES;
				CLANG_WARN_COMMA = YES;
				CLANG_WARN_CONSTANT_CONVERSION = YES;
				CLANG_WARN_DEPRECATED_OBJC_IMPLEMENTATIONS = YES;
				CLANG_WARN_DIRECT_OBJC_ISA_USAGE = YES_ERROR;
				CLANG_WARN_DOCUMENTATION_COMMENTS = YES;
				CLANG_WARN_EMPTY_BODY = YES;
				CLANG_WARN_ENUM_CONVERSION = YES;
				CLANG_WARN_INFINITE_RECURSION = YES;
				CLANG_WARN_INT_CONVERSION = YES;
				CLANG_WARN_NON_LITERAL_NULL_CONVERSION = YES;
				CLANG_WARN_OBJC_IMPLICIT_RETAIN_SELF = YES;
				CLANG_WARN_OBJC_LITERAL_CONVERSION = YES;
				CLANG_WARN_OBJC_ROOT_CLASS = YES_ERROR;
				CLANG_WARN_QUOTED_INCLUDE_IN_FRAMEWORK_HEADER = YES;
				CLANG_WARN_RANGE_LOOP_ANALYSIS = YES;
				CLANG_WARN_STRICT_PROTOTYPES = YES;
				CLANG_WARN_SUSPICIOUS_MOVE = YES;
				CLANG_WARN_UNGUARDED_AVAILABILITY = YES_AGGRESSIVE;
				CLANG_WARN_UNREACHABLE_CODE = YES;
				CLANG_WARN__DUPLICATE_METHOD_MATCH = YES;
				COPY_PHASE_STRIP = NO;
				DEBUG_INFORMATION_FORMAT = "dwarf-with-dsym";
				ENABLE_NS_ASSERTIONS = NO;
				ENABLE_STRICT_OBJC_MSGSEND = YES;
				ENABLE_USER_SCRIPT_SANDBOXING = YES;
				GCC_C_LANGUAGE_STANDARD = gnu17;
				GCC_NO_COMMON_BLOCKS = YES;
				GCC_WARN_64_TO_32_BIT_CONVERSION = YES;
				GCC_WARN_ABOUT_RETURN_TYPE = YES_ERROR;
				GCC_WARN_UNDECLARED_SELECTOR = YES;
				GCC_WARN_UNINITIALIZED_AUTOS = YES_AGGRESSIVE;
				GCC_WARN_UNUSED_FUNCTION = YES;
				GCC_WARN_UNUSED_VARIABLE = YES;
				IPHONEOS_DEPLOYMENT_TARGET = 18.2;
				LOCALIZATION_PREFERS_STRING_CATALOGS = YES;
				MTL_ENABLE_DEBUG_INFO = NO;
				MTL_FAST_MATH = YES;
				SDKROOT = iphoneos;
				SWIFT_COMPILATION_MODE = wholemodule;
				VALIDATE_PRODUCT = YES;
			};
			name = Release;
		};
		B1CA664A2D242E31001DF678 /* Debug */ = {
			isa = XCBuildConfiguration;
			buildSettings = {
				ASSETCATALOG_COMPILER_APPICON_NAME = AppIcon;
				ASSETCATALOG_COMPILER_GLOBAL_ACCENT_COLOR_NAME = AccentColor;
				CLANG_ENABLE_MODULES = YES;
				CODE_SIGN_STYLE = Automatic;
				CURRENT_PROJECT_VERSION = 1;
				DEVELOPMENT_ASSET_PATHS = "\"flexstore-ios/Preview Content\"";
				DEVELOPMENT_TEAM = 32QP46JEL2;
				ENABLE_PREVIEWS = YES;
				GENERATE_INFOPLIST_FILE = YES;
				INFOPLIST_KEY_UIApplicationSceneManifest_Generation = YES;
				INFOPLIST_KEY_UIApplicationSupportsIndirectInputEvents = YES;
				INFOPLIST_KEY_UILaunchScreen_Generation = YES;
				INFOPLIST_KEY_UISupportedInterfaceOrientations_iPad = "UIInterfaceOrientationPortrait UIInterfaceOrientationPortraitUpsideDown UIInterfaceOrientationLandscapeLeft UIInterfaceOrientationLandscapeRight";
				INFOPLIST_KEY_UISupportedInterfaceOrientations_iPhone = "UIInterfaceOrientationPortrait UIInterfaceOrientationLandscapeLeft UIInterfaceOrientationLandscapeRight";
				LD_RUNPATH_SEARCH_PATHS = (
					"$(inherited)",
					"@executable_path/Frameworks",
				);
				MARKETING_VERSION = 1.0;
				PRODUCT_BUNDLE_IDENTIFIER = "com.flexstore.flexstore-ios";
				PRODUCT_NAME = "$(TARGET_NAME)";
				SWIFT_EMIT_LOC_STRINGS = YES;
				SWIFT_OBJC_BRIDGING_HEADER = "flexstore-ios/Objective C/flexstore-ios-Bridging-Header.h";
				SWIFT_OPTIMIZATION_LEVEL = "-Onone";
				SWIFT_VERSION = 5.0;
				TARGETED_DEVICE_FAMILY = "1,2";
			};
			name = Debug;
		};
		B1CA664B2D242E31001DF678 /* Release */ = {
			isa = XCBuildConfiguration;
			buildSettings = {
				ASSETCATALOG_COMPILER_APPICON_NAME = AppIcon;
				ASSETCATALOG_COMPILER_GLOBAL_ACCENT_COLOR_NAME = AccentColor;
				CLANG_ENABLE_MODULES = YES;
				CODE_SIGN_STYLE = Automatic;
				CURRENT_PROJECT_VERSION = 1;
				DEVELOPMENT_ASSET_PATHS = "\"flexstore-ios/Preview Content\"";
				DEVELOPMENT_TEAM = 32QP46JEL2;
				ENABLE_PREVIEWS = YES;
				GENERATE_INFOPLIST_FILE = YES;
				INFOPLIST_KEY_UIApplicationSceneManifest_Generation = YES;
				INFOPLIST_KEY_UIApplicationSupportsIndirectInputEvents = YES;
				INFOPLIST_KEY_UILaunchScreen_Generation = YES;
				INFOPLIST_KEY_UISupportedInterfaceOrientations_iPad = "UIInterfaceOrientationPortrait UIInterfaceOrientationPortraitUpsideDown UIInterfaceOrientationLandscapeLeft UIInterfaceOrientationLandscapeRight";
				INFOPLIST_KEY_UISupportedInterfaceOrientations_iPhone = "UIInterfaceOrientationPortrait UIInterfaceOrientationLandscapeLeft UIInterfaceOrientationLandscapeRight";
				LD_RUNPATH_SEARCH_PATHS = (
					"$(inherited)",
					"@executable_path/Frameworks",
				);
				MARKETING_VERSION = 1.0;
				PRODUCT_BUNDLE_IDENTIFIER = "com.flexstore.flexstore-ios";
				PRODUCT_NAME = "$(TARGET_NAME)";
				SWIFT_EMIT_LOC_STRINGS = YES;
				SWIFT_OBJC_BRIDGING_HEADER = "flexstore-ios/Objective C/flexstore-ios-Bridging-Header.h";
				SWIFT_VERSION = 5.0;
				TARGETED_DEVICE_FAMILY = "1,2";
			};
			name = Release;
		};
		B1CA664D2D242E31001DF678 /* Debug */ = {
			isa = XCBuildConfiguration;
			buildSettings = {
				BUNDLE_LOADER = "$(TEST_HOST)";
				CODE_SIGN_STYLE = Automatic;
				CURRENT_PROJECT_VERSION = 1;
				DEVELOPMENT_TEAM = 32QP46JEL2;
				GENERATE_INFOPLIST_FILE = YES;
				IPHONEOS_DEPLOYMENT_TARGET = 18.2;
				MARKETING_VERSION = 1.0;
				PRODUCT_BUNDLE_IDENTIFIER = "com.flexstore.flexstore-iosTests";
				PRODUCT_NAME = "$(TARGET_NAME)";
				SWIFT_EMIT_LOC_STRINGS = NO;
				SWIFT_VERSION = 5.0;
				TARGETED_DEVICE_FAMILY = "1,2";
				TEST_HOST = "$(BUILT_PRODUCTS_DIR)/flexstore-ios.app/$(BUNDLE_EXECUTABLE_FOLDER_PATH)/flexstore-ios";
			};
			name = Debug;
		};
		B1CA664E2D242E31001DF678 /* Release */ = {
			isa = XCBuildConfiguration;
			buildSettings = {
				BUNDLE_LOADER = "$(TEST_HOST)";
				CODE_SIGN_STYLE = Automatic;
				CURRENT_PROJECT_VERSION = 1;
				DEVELOPMENT_TEAM = 32QP46JEL2;
				GENERATE_INFOPLIST_FILE = YES;
				IPHONEOS_DEPLOYMENT_TARGET = 18.2;
				MARKETING_VERSION = 1.0;
				PRODUCT_BUNDLE_IDENTIFIER = "com.flexstore.flexstore-iosTests";
				PRODUCT_NAME = "$(TARGET_NAME)";
				SWIFT_EMIT_LOC_STRINGS = NO;
				SWIFT_VERSION = 5.0;
				TARGETED_DEVICE_FAMILY = "1,2";
				TEST_HOST = "$(BUILT_PRODUCTS_DIR)/flexstore-ios.app/$(BUNDLE_EXECUTABLE_FOLDER_PATH)/flexstore-ios";
			};
			name = Release;
		};
		B1CA66502D242E31001DF678 /* Debug */ = {
			isa = XCBuildConfiguration;
			buildSettings = {
				CODE_SIGN_STYLE = Automatic;
				CURRENT_PROJECT_VERSION = 1;
				DEVELOPMENT_TEAM = 32QP46JEL2;
				GENERATE_INFOPLIST_FILE = YES;
				MARKETING_VERSION = 1.0;
				PRODUCT_BUNDLE_IDENTIFIER = "com.flexstore.flexstore-iosUITests";
				PRODUCT_NAME = "$(TARGET_NAME)";
				SWIFT_EMIT_LOC_STRINGS = NO;
				SWIFT_VERSION = 5.0;
				TARGETED_DEVICE_FAMILY = "1,2";
				TEST_TARGET_NAME = "flexstore-ios";
			};
			name = Debug;
		};
		B1CA66512D242E31001DF678 /* Release */ = {
			isa = XCBuildConfiguration;
			buildSettings = {
				CODE_SIGN_STYLE = Automatic;
				CURRENT_PROJECT_VERSION = 1;
				DEVELOPMENT_TEAM = 32QP46JEL2;
				GENERATE_INFOPLIST_FILE = YES;
				MARKETING_VERSION = 1.0;
				PRODUCT_BUNDLE_IDENTIFIER = "com.flexstore.flexstore-iosUITests";
				PRODUCT_NAME = "$(TARGET_NAME)";
				SWIFT_EMIT_LOC_STRINGS = NO;
				SWIFT_VERSION = 5.0;
				TARGETED_DEVICE_FAMILY = "1,2";
				TEST_TARGET_NAME = "flexstore-ios";
			};
			name = Release;
		};
/* End XCBuildConfiguration section */

/* Begin XCConfigurationList section */
		B1CA66202D242E2F001DF678 /* Build configuration list for PBXProject "flexstore-ios" */ = {
			isa = XCConfigurationList;
			buildConfigurations = (
				B1CA66472D242E31001DF678 /* Debug */,
				B1CA66482D242E31001DF678 /* Release */,
			);
			defaultConfigurationIsVisible = 0;
			defaultConfigurationName = Release;
		};
		B1CA66492D242E31001DF678 /* Build configuration list for PBXNativeTarget "flexstore-ios" */ = {
			isa = XCConfigurationList;
			buildConfigurations = (
				B1CA664A2D242E31001DF678 /* Debug */,
				B1CA664B2D242E31001DF678 /* Release */,
			);
			defaultConfigurationIsVisible = 0;
			defaultConfigurationName = Release;
		};
		B1CA664C2D242E31001DF678 /* Build configuration list for PBXNativeTarget "flexstore-iosTests" */ = {
			isa = XCConfigurationList;
			buildConfigurations = (
				B1CA664D2D242E31001DF678 /* Debug */,
				B1CA664E2D242E31001DF678 /* Release */,
			);
			defaultConfigurationIsVisible = 0;
			defaultConfigurationName = Release;
		};
		B1CA664F2D242E31001DF678 /* Build configuration list for PBXNativeTarget "flexstore-iosUITests" */ = {
			isa = XCConfigurationList;
			buildConfigurations = (
				B1CA66502D242E31001DF678 /* Debug */,
				B1CA66512D242E31001DF678 /* Release */,
			);
			defaultConfigurationIsVisible = 0;
			defaultConfigurationName = Release;
		};
/* End XCConfigurationList section */

/* Begin XCRemoteSwiftPackageReference section */
		B1CA66612D242F52001DF678 /* XCRemoteSwiftPackageReference "BottomSheet" */ = {
			isa = XCRemoteSwiftPackageReference;
			repositoryURL = "https://github.com/lucaszischka/BottomSheet.git";
			requirement = {
				kind = upToNextMajorVersion;
				minimumVersion = 3.1.1;
			};
		};
		B1CA66662D24321E001DF678 /* XCRemoteSwiftPackageReference "ZIPFoundation" */ = {
			isa = XCRemoteSwiftPackageReference;
			repositoryURL = "https://github.com/weichsel/ZIPFoundation.git";
			requirement = {
				kind = upToNextMajorVersion;
				minimumVersion = 0.9.19;
			};
		};
		B1CA66692D24322D001DF678 /* XCRemoteSwiftPackageReference "Kingfisher" */ = {
			isa = XCRemoteSwiftPackageReference;
			repositoryURL = "https://github.com/onevcat/Kingfisher.git";
			requirement = {
				kind = upToNextMajorVersion;
				minimumVersion = 8.1.3;
			};
		};
		B1CA66732D243249001DF678 /* XCRemoteSwiftPackageReference "SwipeActions" */ = {
			isa = XCRemoteSwiftPackageReference;
			repositoryURL = "https://github.com/aheze/SwipeActions.git";
			requirement = {
				kind = upToNextMajorVersion;
				minimumVersion = 1.1.0;
			};
		};
		B1CA66762D24325C001DF678 /* XCRemoteSwiftPackageReference "RxSwift" */ = {
			isa = XCRemoteSwiftPackageReference;
			repositoryURL = "https://github.com/ReactiveX/RxSwift.git";
			requirement = {
				kind = upToNextMajorVersion;
				minimumVersion = 6.8.0;
			};
		};
/* End XCRemoteSwiftPackageReference section */

/* Begin XCSwiftPackageProductDependency section */
		B1CA66622D242F52001DF678 /* BottomSheet */ = {
			isa = XCSwiftPackageProductDependency;
			package = B1CA66612D242F52001DF678 /* XCRemoteSwiftPackageReference "BottomSheet" */;
			productName = BottomSheet;
		};
		B1CA66672D24321E001DF678 /* ZIPFoundation */ = {
			isa = XCSwiftPackageProductDependency;
			package = B1CA66662D24321E001DF678 /* XCRemoteSwiftPackageReference "ZIPFoundation" */;
			productName = ZIPFoundation;
		};
		B1CA666A2D24322D001DF678 /* Kingfisher */ = {
			isa = XCSwiftPackageProductDependency;
			package = B1CA66692D24322D001DF678 /* XCRemoteSwiftPackageReference "Kingfisher" */;
			productName = Kingfisher;
		};
		B1CA66742D243249001DF678 /* SwipeActions */ = {
			isa = XCSwiftPackageProductDependency;
			package = B1CA66732D243249001DF678 /* XCRemoteSwiftPackageReference "SwipeActions" */;
			productName = SwipeActions;
		};
		B1CA66772D24325C001DF678 /* RxSwift */ = {
			isa = XCSwiftPackageProductDependency;
			package = B1CA66762D24325C001DF678 /* XCRemoteSwiftPackageReference "RxSwift" */;
			productName = RxSwift;
		};
/* End XCSwiftPackageProductDependency section */
	};
	rootObject = B1CA661D2D242E2F001DF678 /* Project object */;
}
